
Microsoft Visual Studio Solution File, Format Version 12.00
# Visual Studio 15
VisualStudioVersion = 15.0.28010.2016
MinimumVisualStudioVersion = 10.0.40219.1
Project("{FAE04EC0-301F-11D3-BF4B-00C04F79EFBC}") = "MyExpenditures", "MyExpenditures\MyExpenditures.csproj", "{0AF8EE0E-3274-4854-A696-DD257A90D32C}"
EndProject
Global
	GlobalSection(SolutionConfigurationPlatforms) = preSolution
		Debug|Any CPU = Debug|Any CPU
		Release|Any CPU = Release|Any CPU
	EndGlobalSection
	GlobalSection(ProjectConfigurationPlatforms) = postSolution
		{0AF8EE0E-3274-4854-A696-DD257A90D32C}.Debug|Any CPU.ActiveCfg = Debug|Any CPU
		{0AF8EE0E-3274-4854-A696-DD257A90D32C}.Debug|Any CPU.Build.0 = Debug|Any CPU
		{0AF8EE0E-3274-4854-A696-DD257A90D32C}.Release|Any CPU.ActiveCfg = Release|Any CPU
		{0AF8EE0E-3274-4854-A696-DD257A90D32C}.Release|Any CPU.Build.0 = Release|Any CPU
	EndGlobalSection
	GlobalSection(SolutionProperties) = preSolution
		HideSolutionNode = FALSE
	EndGlobalSection
	GlobalSection(ExtensibilityGlobals) = postSolution
		SolutionGuid = {8E21B5D7-9212-4821-B7A0-DA5B5C42C734}
	EndGlobalSection
EndGlobal
